
Microsoft Visual Studio Solution File, Format Version 12.00
Project("{FAE04EC0-301F-11D3-BF4B-00C04F79EFBC}") = "MAPPER.API", "MAPPER.API\MAPPER.API.csproj", "{C929C42A-B7FA-494B-9419-658DB76D9BD6}"
EndProject
Global
	GlobalSection(SolutionConfigurationPlatforms) = preSolution
		Debug|Any CPU = Debug|Any CPU
		Release|Any CPU = Release|Any CPU
	EndGlobalSection
	GlobalSection(ProjectConfigurationPlatforms) = postSolution
		{C929C42A-B7FA-494B-9419-658DB76D9BD6}.Debug|Any CPU.ActiveCfg = Debug|Any CPU
		{C929C42A-B7FA-494B-9419-658DB76D9BD6}.Debug|Any CPU.Build.0 = Debug|Any CPU
		{C929C42A-B7FA-494B-9419-658DB76D9BD6}.Release|Any CPU.ActiveCfg = Release|Any CPU
		{C929C42A-B7FA-494B-9419-658DB76D9BD6}.Release|Any CPU.Build.0 = Release|Any CPU
	EndGlobalSection
EndGlobal
